// !$*UTF8*$!
{
	archiveVersion = 1;
	classes = {
	};
	objectVersion = 46;
	objects = {

/* Begin PBXBuildFile section */
		D02891131BF309E00003267C /* main.m in Sources */ = {isa = PBXBuildFile; fileRef = D02891121BF309E00003267C /* main.m */; };
		D02891161BF309E00003267C /* AppDelegate.m in Sources */ = {isa = PBXBuildFile; fileRef = D02891151BF309E00003267C /* AppDelegate.m */; };
		D02891191BF309E00003267C /* ViewController.m in Sources */ = {isa = PBXBuildFile; fileRef = D02891181BF309E00003267C /* ViewController.m */; };
		D028911C1BF309E00003267C /* Main.storyboard in Resources */ = {isa = PBXBuildFile; fileRef = D028911A1BF309E00003267C /* Main.storyboard */; };
		D028911E1BF309E00003267C /* Assets.xcassets in Resources */ = {isa = PBXBuildFile; fileRef = D028911D1BF309E00003267C /* Assets.xcassets */; };
		D02891211BF309E00003267C /* LaunchScreen.storyboard in Resources */ = {isa = PBXBuildFile; fileRef = D028911F1BF309E00003267C /* LaunchScreen.storyboard */; };
		D028912C1BF309E00003267C /* Code2040Tests.m in Sources */ = {isa = PBXBuildFile; fileRef = D028912B1BF309E00003267C /* Code2040Tests.m */; };
		D02891371BF309E00003267C /* Code2040UITests.m in Sources */ = {isa = PBXBuildFile; fileRef = D02891361BF309E00003267C /* Code2040UITests.m */; };
/* End PBXBuildFile section */

/* Begin PBXContainerItemProxy section */
		D02891281BF309E00003267C /* PBXContainerItemProxy */ = {
			isa = PBXContainerItemProxy;
			containerPortal = D02891061BF309E00003267C /* Project object */;
			proxyType = 1;
			remoteGlobalIDString = D028910D1BF309E00003267C;
			remoteInfo = Code2040;
		};
		D02891331BF309E00003267C /* PBXContainerItemProxy */ = {
			isa = PBXContainerItemProxy;
			containerPortal = D02891061BF309E00003267C /* Project object */;
			proxyType = 1;
			remoteGlobalIDString = D028910D1BF309E00003267C;
			remoteInfo = Code2040;
		};
/* End PBXContainerItemProxy section */

/* Begin PBXFileReference section */
		D028910E1BF309E00003267C /* Code2040.app */ = {isa = PBXFileReference; explicitFileType = wrapper.application; includeInIndex = 0; path = Code2040.app; sourceTree = BUILT_PRODUCTS_DIR; };
		D02891121BF309E00003267C /* main.m */ = {isa = PBXFileReference; lastKnownFileType = sourcecode.c.objc; path = main.m; sourceTree = "<group>"; };
		D02891141BF309E00003267C /* AppDelegate.h */ = {isa = PBXFileReference; lastKnownFileType = sourcecode.c.h; path = AppDelegate.h; sourceTree = "<group>"; };
		D02891151BF309E00003267C /* AppDelegate.m */ = {isa = PBXFileReference; lastKnownFileType = sourcecode.c.objc; path = AppDelegate.m; sourceTree = "<group>"; };
		D02891171BF309E00003267C /* ViewController.h */ = {isa = PBXFileReference; lastKnownFileType = sourcecode.c.h; path = ViewController.h; sourceTree = "<group>"; };
		D02891181BF309E00003267C /* ViewController.m */ = {isa = PBXFileReference; lastKnownFileType = sourcecode.c.objc; path = ViewController.m; sourceTree = "<group>"; };
		D028911B1BF309E00003267C /* Base */ = {isa = PBXFileReference; lastKnownFileType = file.storyboard; name = Base; path = Base.lproj/Main.storyboard; sourceTree = "<group>"; };
		D028911D1BF309E00003267C /* Assets.xcassets */ = {isa = PBXFileReference; lastKnownFileType = folder.assetcatalog; path = Assets.xcassets; sourceTree = "<group>"; };
		D02891201BF309E00003267C /* Base */ = {isa = PBXFileReference; lastKnownFileType = file.storyboard; name = Base; path = Base.lproj/LaunchScreen.storyboard; sourceTree = "<group>"; };
		D02891221BF309E00003267C /* Info.plist */ = {isa = PBXFileReference; lastKnownFileType = text.plist.xml; path = Info.plist; sourceTree = "<group>"; };
		D02891271BF309E00003267C /* Code2040Tests.xctest */ = {isa = PBXFileReference; explicitFileType = wrapper.cfbundle; includeInIndex = 0; path = Code2040Tests.xctest; sourceTree = BUILT_PRODUCTS_DIR; };
		D028912B1BF309E00003267C /* Code2040Tests.m */ = {isa = PBXFileReference; lastKnownFileType = sourcecode.c.objc; path = Code2040Tests.m; sourceTree = "<group>"; };
		D028912D1BF309E00003267C /* Info.plist */ = {isa = PBXFileReference; lastKnownFileType = text.plist.xml; path = Info.plist; sourceTree = "<group>"; };
		D02891321BF309E00003267C /* Code2040UITests.xctest */ = {isa = PBXFileReference; explicitFileType = wrapper.cfbundle; includeInIndex = 0; path = Code2040UITests.xctest; sourceTree = BUILT_PRODUCTS_DIR; };
		D02891361BF309E00003267C /* Code2040UITests.m */ = {isa = PBXFileReference; lastKnownFileType = sourcecode.c.objc; path = Code2040UITests.m; sourceTree = "<group>"; };
		D02891381BF309E00003267C /* Info.plist */ = {isa = PBXFileReference; lastKnownFileType = text.plist.xml; path = Info.plist; sourceTree = "<group>"; };
/* End PBXFileReference section */

/* Begin PBXFrameworksBuildPhase section */
		D028910B1BF309E00003267C /* Frameworks */ = {
			isa = PBXFrameworksBuildPhase;
			buildActionMask = 2147483647;
			files = (
			);
			runOnlyForDeploymentPostprocessing = 0;
		};
		D02891241BF309E00003267C /* Frameworks */ = {
			isa = PBXFrameworksBuildPhase;
			buildActionMask = 2147483647;
			files = (
			);
			runOnlyForDeploymentPostprocessing = 0;
		};
		D028912F1BF309E00003267C /* Frameworks */ = {
			isa = PBXFrameworksBuildPhase;
			buildActionMask = 2147483647;
			files = (
			);
			runOnlyForDeploymentPostprocessing = 0;
		};
/* End PBXFrameworksBuildPhase section */

/* Begin PBXGroup section */
		D02891051BF309E00003267C = {
			isa = PBXGroup;
			children = (
				D02891101BF309E00003267C /* Code2040 */,
				D028912A1BF309E00003267C /* Code2040Tests */,
				D02891351BF309E00003267C /* Code2040UITests */,
				D028910F1BF309E00003267C /* Products */,
			);
			sourceTree = "<group>";
		};
		D028910F1BF309E00003267C /* Products */ = {
			isa = PBXGroup;
			children = (
				D028910E1BF309E00003267C /* Code2040.app */,
				D02891271BF309E00003267C /* Code2040Tests.xctest */,
				D02891321BF309E00003267C /* Code2040UITests.xctest */,
			);
			name = Products;
			sourceTree = "<group>";
		};
		D02891101BF309E00003267C /* Code2040 */ = {
			isa = PBXGroup;
			children = (
				D02891141BF309E00003267C /* AppDelegate.h */,
				D02891151BF309E00003267C /* AppDelegate.m */,
				D02891171BF309E00003267C /* ViewController.h */,
				D02891181BF309E00003267C /* ViewController.m */,
				D028911A1BF309E00003267C /* Main.storyboard */,
				D028911D1BF309E00003267C /* Assets.xcassets */,
				D028911F1BF309E00003267C /* LaunchScreen.storyboard */,
				D02891221BF309E00003267C /* Info.plist */,
				D02891111BF309E00003267C /* Supporting Files */,
			);
			path = Code2040;
			sourceTree = "<group>";
		};
		D02891111BF309E00003267C /* Supporting Files */ = {
			isa = PBXGroup;
			children = (
				D02891121BF309E00003267C /* main.m */,
			);
			name = "Supporting Files";
			sourceTree = "<group>";
		};
		D028912A1BF309E00003267C /* Code2040Tests */ = {
			isa = PBXGroup;
			children = (
				D028912B1BF309E00003267C /* Code2040Tests.m */,
				D028912D1BF309E00003267C /* Info.plist */,
			);
			path = Code2040Tests;
			sourceTree = "<group>";
		};
		D02891351BF309E00003267C /* Code2040UITests */ = {
			isa = PBXGroup;
			children = (
				D02891361BF309E00003267C /* Code2040UITests.m */,
				D02891381BF309E00003267C /* Info.plist */,
			);
			path = Code2040UITests;
			sourceTree = "<group>";
		};
/* End PBXGroup section */

/* Begin PBXNativeTarget section */
		D028910D1BF309E00003267C /* Code2040 */ = {
			isa = PBXNativeTarget;
			buildConfigurationList = D028913B1BF309E00003267C /* Build configuration list for PBXNativeTarget "Code2040" */;
			buildPhases = (
				D028910A1BF309E00003267C /* Sources */,
				D028910B1BF309E00003267C /* Frameworks */,
				D028910C1BF309E00003267C /* Resources */,
			);
			buildRules = (
			);
			dependencies = (
			);
			name = Code2040;
			productName = Code2040;
			productReference = D028910E1BF309E00003267C /* Code2040.app */;
			productType = "com.apple.product-type.application";
		};
		D02891261BF309E00003267C /* Code2040Tests */ = {
			isa = PBXNativeTarget;
			buildConfigurationList = D028913E1BF309E00003267C /* Build configuration list for PBXNativeTarget "Code2040Tests" */;
			buildPhases = (
				D02891231BF309E00003267C /* Sources */,
				D02891241BF309E00003267C /* Frameworks */,
				D02891251BF309E00003267C /* Resources */,
			);
			buildRules = (
			);
			dependencies = (
				D02891291BF309E00003267C /* PBXTargetDependency */,
			);
			name = Code2040Tests;
			productName = Code2040Tests;
			productReference = D02891271BF309E00003267C /* Code2040Tests.xctest */;
			productType = "com.apple.product-type.bundle.unit-test";
		};
		D02891311BF309E00003267C /* Code2040UITests */ = {
			isa = PBXNativeTarget;
			buildConfigurationList = D02891411BF309E00003267C /* Build configuration list for PBXNativeTarget "Code2040UITests" */;
			buildPhases = (
				D028912E1BF309E00003267C /* Sources */,
				D028912F1BF309E00003267C /* Frameworks */,
				D02891301BF309E00003267C /* Resources */,
			);
			buildRules = (
			);
			dependencies = (
				D02891341BF309E00003267C /* PBXTargetDependency */,
			);
			name = Code2040UITests;
			productName = Code2040UITests;
			productReference = D02891321BF309E00003267C /* Code2040UITests.xctest */;
			productType = "com.apple.product-type.bundle.ui-testing";
		};
/* End PBXNativeTarget section */

/* Begin PBXProject section */
		D02891061BF309E00003267C /* Project object */ = {
			isa = PBXProject;
			attributes = {
				LastUpgradeCheck = 0710;
				ORGANIZATIONNAME = Bookdem;
				TargetAttributes = {
					D028910D1BF309E00003267C = {
						CreatedOnToolsVersion = 7.1;
					};
					D02891261BF309E00003267C = {
						CreatedOnToolsVersion = 7.1;
						TestTargetID = D028910D1BF309E00003267C;
					};
					D02891311BF309E00003267C = {
						CreatedOnToolsVersion = 7.1;
						TestTargetID = D028910D1BF309E00003267C;
					};
				};
			};
			buildConfigurationList = D02891091BF309E00003267C /* Build configuration list for PBXProject "Code2040" */;
			compatibilityVersion = "Xcode 3.2";
			developmentRegion = English;
			hasScannedForEncodings = 0;
			knownRegions = (
				en,
				Base,
			);
			mainGroup = D02891051BF309E00003267C;
			productRefGroup = D028910F1BF309E00003267C /* Products */;
			projectDirPath = "";
			projectRoot = "";
			targets = (
				D028910D1BF309E00003267C /* Code2040 */,
				D02891261BF309E00003267C /* Code2040Tests */,
				D02891311BF309E00003267C /* Code2040UITests */,
			);
		};
/* End PBXProject section */

/* Begin PBXResourcesBuildPhase section */
		D028910C1BF309E00003267C /* Resources */ = {
			isa = PBXResourcesBuildPhase;
			buildActionMask = 2147483647;
			files = (
				D02891211BF309E00003267C /* LaunchScreen.storyboard in Resources */,
				D028911E1BF309E00003267C /* Assets.xcassets in Resources */,
				D028911C1BF309E00003267C /* Main.storyboard in Resources */,
			);
			runOnlyForDeploymentPostprocessing = 0;
		};
		D02891251BF309E00003267C /* Resources */ = {
			isa = PBXResourcesBuildPhase;
			buildActionMask = 2147483647;
			files = (
			);
			runOnlyForDeploymentPostprocessing = 0;
		};
		D02891301BF309E00003267C /* Resources */ = {
			isa = PBXResourcesBuildPhase;
			buildActionMask = 2147483647;
			files = (
			);
			runOnlyForDeploymentPostprocessing = 0;
		};
/* End PBXResourcesBuildPhase section */

/* Begin PBXSourcesBuildPhase section */
		D028910A1BF309E00003267C /* Sources */ = {
			isa = PBXSourcesBuildPhase;
			buildActionMask = 2147483647;
			files = (
				D02891191BF309E00003267C /* ViewController.m in Sources */,
				D02891161BF309E00003267C /* AppDelegate.m in Sources */,
				D02891131BF309E00003267C /* main.m in Sources */,
			);
			runOnlyForDeploymentPostprocessing = 0;
		};
		D02891231BF309E00003267C /* Sources */ = {
			isa = PBXSourcesBuildPhase;
			buildActionMask = 2147483647;
			files = (
				D028912C1BF309E00003267C /* Code2040Tests.m in Sources */,
			);
			runOnlyForDeploymentPostprocessing = 0;
		};
		D028912E1BF309E00003267C /* Sources */ = {
			isa = PBXSourcesBuildPhase;
			buildActionMask = 2147483647;
			files = (
				D02891371BF309E00003267C /* Code2040UITests.m in Sources */,
			);
			runOnlyForDeploymentPostprocessing = 0;
		};
/* End PBXSourcesBuildPhase section */

/* Begin PBXTargetDependency section */
		D02891291BF309E00003267C /* PBXTargetDependency */ = {
			isa = PBXTargetDependency;
			target = D028910D1BF309E00003267C /* Code2040 */;
			targetProxy = D02891281BF309E00003267C /* PBXContainerItemProxy */;
		};
		D02891341BF309E00003267C /* PBXTargetDependency */ = {
			isa = PBXTargetDependency;
			target = D028910D1BF309E00003267C /* Code2040 */;
			targetProxy = D02891331BF309E00003267C /* PBXContainerItemProxy */;
		};
/* End PBXTargetDependency section */

/* Begin PBXVariantGroup section */
		D028911A1BF309E00003267C /* Main.storyboard */ = {
			isa = PBXVariantGroup;
			children = (
				D028911B1BF309E00003267C /* Base */,
			);
			name = Main.storyboard;
			sourceTree = "<group>";
		};
		D028911F1BF309E00003267C /* LaunchScreen.storyboard */ = {
			isa = PBXVariantGroup;
			children = (
				D02891201BF309E00003267C /* Base */,
			);
			name = LaunchScreen.storyboard;
			sourceTree = "<group>";
		};
/* End PBXVariantGroup section */

/* Begin XCBuildConfiguration section */
		D02891391BF309E00003267C /* Debug */ = {
			isa = XCBuildConfiguration;
			buildSettings = {
				ALWAYS_SEARCH_USER_PATHS = NO;
				CLANG_CXX_LANGUAGE_STANDARD = "gnu++0x";
				CLANG_CXX_LIBRARY = "libc++";
				CLANG_ENABLE_MODULES = YES;
				CLANG_ENABLE_OBJC_ARC = YES;
				CLANG_WARN_BOOL_CONVERSION = YES;
				CLANG_WARN_CONSTANT_CONVERSION = YES;
				CLANG_WARN_DIRECT_OBJC_ISA_USAGE = YES_ERROR;
				CLANG_WARN_EMPTY_BODY = YES;
				CLANG_WARN_ENUM_CONVERSION = YES;
				CLANG_WARN_INT_CONVERSION = YES;
				CLANG_WARN_OBJC_ROOT_CLASS = YES_ERROR;
				CLANG_WARN_UNREACHABLE_CODE = YES;
				CLANG_WARN__DUPLICATE_METHOD_MATCH = YES;
				"CODE_SIGN_IDENTITY[sdk=iphoneos*]" = "iPhone Developer";
				COPY_PHASE_STRIP = NO;
				DEBUG_INFORMATION_FORMAT = dwarf;
				ENABLE_STRICT_OBJC_MSGSEND = YES;
				ENABLE_TESTABILITY = YES;
				GCC_C_LANGUAGE_STANDARD = gnu99;
				GCC_DYNAMIC_NO_PIC = NO;
				GCC_NO_COMMON_BLOCKS = YES;
				GCC_OPTIMIZATION_LEVEL = 0;
				GCC_PREPROCESSOR_DEFINITIONS = (
					"DEBUG=1",
					"$(inherited)",
				);
				GCC_WARN_64_TO_32_BIT_CONVERSION = YES;
				GCC_WARN_ABOUT_RETURN_TYPE = YES_ERROR;
				GCC_WARN_UNDECLARED_SELECTOR = YES;
				GCC_WARN_UNINITIALIZED_AUTOS = YES_AGGRESSIVE;
				GCC_WARN_UNUSED_FUNCTION = YES;
				GCC_WARN_UNUSED_VARIABLE = YES;
				IPHONEOS_DEPLOYMENT_TARGET = 9.1;
				MTL_ENABLE_DEBUG_INFO = YES;
				ONLY_ACTIVE_ARCH = YES;
				SDKROOT = iphoneos;
			};
			name = Debug;
		};
		D028913A1BF309E00003267C /* Release */ = {
			isa = XCBuildConfiguration;
			buildSettings = {
				ALWAYS_SEARCH_USER_PATHS = NO;
				CLANG_CXX_LANGUAGE_STANDARD = "gnu++0x";
				CLANG_CXX_LIBRARY = "libc++";
				CLANG_ENABLE_MODULES = YES;
				CLANG_ENABLE_OBJC_ARC = YES;
				CLANG_WARN_BOOL_CONVERSION = YES;
				CLANG_WARN_CONSTANT_CONVERSION = YES;
				CLANG_WARN_DIRECT_OBJC_ISA_USAGE = YES_ERROR;
				CLANG_WARN_EMPTY_BODY = YES;
				CLANG_WARN_ENUM_CONVERSION = YES;
				CLANG_WARN_INT_CONVERSION = YES;
				CLANG_WARN_OBJC_ROOT_CLASS = YES_ERROR;
				CLANG_WARN_UNREACHABLE_CODE = YES;
				CLANG_WARN__DUPLICATE_METHOD_MATCH = YES;
				"CODE_SIGN_IDENTITY[sdk=iphoneos*]" = "iPhone Developer";
				COPY_PHASE_STRIP = NO;
				DEBUG_INFORMATION_FORMAT = "dwarf-with-dsym";
				ENABLE_NS_ASSERTIONS = NO;
				ENABLE_STRICT_OBJC_MSGSEND = YES;
				GCC_C_LANGUAGE_STANDARD = gnu99;
				GCC_NO_COMMON_BLOCKS = YES;
				GCC_WARN_64_TO_32_BIT_CONVERSION = YES;
				GCC_WARN_ABOUT_RETURN_TYPE = YES_ERROR;
				GCC_WARN_UNDECLARED_SELECTOR = YES;
				GCC_WARN_UNINITIALIZED_AUTOS = YES_AGGRESSIVE;
				GCC_WARN_UNUSED_FUNCTION = YES;
				GCC_WARN_UNUSED_VARIABLE = YES;
				IPHONEOS_DEPLOYMENT_TARGET = 9.1;
				MTL_ENABLE_DEBUG_INFO = NO;
				SDKROOT = iphoneos;
				VALIDATE_PRODUCT = YES;
			};
			name = Release;
		};
		D028913C1BF309E00003267C /* Debug */ = {
			isa = XCBuildConfiguration;
			buildSettings = {
				ASSETCATALOG_COMPILER_APPICON_NAME = AppIcon;
				INFOPLIST_FILE = Code2040/Info.plist;
				LD_RUNPATH_SEARCH_PATHS = "$(inherited) @executable_path/Frameworks";
				PRODUCT_BUNDLE_IDENTIFIER = Bookdem.Code2040;
				PRODUCT_NAME = "$(TARGET_NAME)";
			};
			name = Debug;
		};
		D028913D1BF309E00003267C /* Release */ = {
			isa = XCBuildConfiguration;
			buildSettings = {
				ASSETCATALOG_COMPILER_APPICON_NAME = AppIcon;
				INFOPLIST_FILE = Code2040/Info.plist;
				LD_RUNPATH_SEARCH_PATHS = "$(inherited) @executable_path/Frameworks";
				PRODUCT_BUNDLE_IDENTIFIER = Bookdem.Code2040;
				PRODUCT_NAME = "$(TARGET_NAME)";
			};
			name = Release;
		};
		D028913F1BF309E00003267C /* Debug */ = {
			isa = XCBuildConfiguration;
			buildSettings = {
				BUNDLE_LOADER = "$(TEST_HOST)";
				INFOPLIST_FILE = Code2040Tests/Info.plist;
				LD_RUNPATH_SEARCH_PATHS = "$(inherited) @executable_path/Frameworks @loader_path/Frameworks";
				PRODUCT_BUNDLE_IDENTIFIER = Bookdem.Code2040Tests;
				PRODUCT_NAME = "$(TARGET_NAME)";
				TEST_HOST = "$(BUILT_PRODUCTS_DIR)/Code2040.app/Code2040";
			};
			name = Debug;
		};
		D02891401BF309E00003267C /* Release */ = {
			isa = XCBuildConfiguration;
			buildSettings = {
				BUNDLE_LOADER = "$(TEST_HOST)";
				INFOPLIST_FILE = Code2040Tests/Info.plist;
				LD_RUNPATH_SEARCH_PATHS = "$(inherited) @executable_path/Frameworks @loader_path/Frameworks";
				PRODUCT_BUNDLE_IDENTIFIER = Bookdem.Code2040Tests;
				PRODUCT_NAME = "$(TARGET_NAME)";
				TEST_HOST = "$(BUILT_PRODUCTS_DIR)/Code2040.app/Code2040";
			};
			name = Release;
		};
		D02891421BF309E00003267C /* Debug */ = {
			isa = XCBuildConfiguration;
			buildSettings = {
				INFOPLIST_FILE = Code2040UITests/Info.plist;
				LD_RUNPATH_SEARCH_PATHS = "$(inherited) @executable_path/Frameworks @loader_path/Frameworks";
				PRODUCT_BUNDLE_IDENTIFIER = Bookdem.Code2040UITests;
				PRODUCT_NAME = "$(TARGET_NAME)";
				TEST_TARGET_NAME = Code2040;
				USES_XCTRUNNER = YES;
			};
			name = Debug;
		};
		D02891431BF309E00003267C /* Release */ = {
			isa = XCBuildConfiguration;
			buildSettings = {
				INFOPLIST_FILE = Code2040UITests/Info.plist;
				LD_RUNPATH_SEARCH_PATHS = "$(inherited) @executable_path/Frameworks @loader_path/Frameworks";
				PRODUCT_BUNDLE_IDENTIFIER = Bookdem.Code2040UITests;
				PRODUCT_NAME = "$(TARGET_NAME)";
				TEST_TARGET_NAME = Code2040;
				USES_XCTRUNNER = YES;
			};
			name = Release;
		};
/* End XCBuildConfiguration section */

/* Begin XCConfigurationList section */
		D02891091BF309E00003267C /* Build configuration list for PBXProject "Code2040" */ = {
			isa = XCConfigurationList;
			buildConfigurations = (
				D02891391BF309E00003267C /* Debug */,
				D028913A1BF309E00003267C /* Release */,
			);
			defaultConfigurationIsVisible = 0;
			defaultConfigurationName = Release;
		};
		D028913B1BF309E00003267C /* Build configuration list for PBXNativeTarget "Code2040" */ = {
			isa = XCConfigurationList;
			buildConfigurations = (
				D028913C1BF309E00003267C /* Debug */,
				D028913D1BF309E00003267C /* Release */,
			);
			defaultConfigurationIsVisible = 0;
		};
		D028913E1BF309E00003267C /* Build configuration list for PBXNativeTarget "Code2040Tests" */ = {
			isa = XCConfigurationList;
			buildConfigurations = (
				D028913F1BF309E00003267C /* Debug */,
				D02891401BF309E00003267C /* Release */,
			);
			defaultConfigurationIsVisible = 0;
		};
		D02891411BF309E00003267C /* Build configuration list for PBXNativeTarget "Code2040UITests" */ = {
			isa = XCConfigurationList;
			buildConfigurations = (
				D02891421BF309E00003267C /* Debug */,
				D02891431BF309E00003267C /* Release */,
			);
			defaultConfigurationIsVisible = 0;
		};
/* End XCConfigurationList section */
	};
	rootObject = D02891061BF309E00003267C /* Project object */;
}
